
Microsoft Visual Studio Solution File, Format Version 12.00
# Visual Studio Version 16
VisualStudioVersion = 16.0.31624.102
MinimumVisualStudioVersion = 10.0.40219.1
Project("{FAE04EC0-301F-11D3-BF4B-00C04F79EFBC}") = "TASK1_6_Lukhverchyk", "TASK1_6_Lukhverchyk\TASK1_6_Lukhverchyk.csproj", "{BEF92A75-C1AC-48D2-8EF0-77263C1F20B5}"
EndProject
Global
	GlobalSection(SolutionConfigurationPlatforms) = preSolution
		Debug|Any CPU = Debug|Any CPU
		Release|Any CPU = Release|Any CPU
	EndGlobalSection
	GlobalSection(ProjectConfigurationPlatforms) = postSolution
		{BEF92A75-C1AC-48D2-8EF0-77263C1F20B5}.Debug|Any CPU.ActiveCfg = Debug|Any CPU
		{BEF92A75-C1AC-48D2-8EF0-77263C1F20B5}.Debug|Any CPU.Build.0 = Debug|Any CPU
		{BEF92A75-C1AC-48D2-8EF0-77263C1F20B5}.Release|Any CPU.ActiveCfg = Release|Any CPU
		{BEF92A75-C1AC-48D2-8EF0-77263C1F20B5}.Release|Any CPU.Build.0 = Release|Any CPU
	EndGlobalSection
	GlobalSection(SolutionProperties) = preSolution
		HideSolutionNode = FALSE
	EndGlobalSection
	GlobalSection(ExtensibilityGlobals) = postSolution
		SolutionGuid = {99875457-ADDE-400E-856D-D416290E75BB}
	EndGlobalSection
EndGlobal
