
Microsoft Visual Studio Solution File, Format Version 12.00
# Visual Studio Version 16
VisualStudioVersion = 16.0.31624.102
MinimumVisualStudioVersion = 10.0.40219.1
Project("{FAE04EC0-301F-11D3-BF4B-00C04F79EFBC}") = "1_6", "1_6\1_6.csproj", "{154B2281-27D6-4B0E-9DE8-7AC94492FC59}"
EndProject
Global
	GlobalSection(SolutionConfigurationPlatforms) = preSolution
		Debug|Any CPU = Debug|Any CPU
		Release|Any CPU = Release|Any CPU
	EndGlobalSection
	GlobalSection(ProjectConfigurationPlatforms) = postSolution
		{154B2281-27D6-4B0E-9DE8-7AC94492FC59}.Debug|Any CPU.ActiveCfg = Debug|Any CPU
		{154B2281-27D6-4B0E-9DE8-7AC94492FC59}.Debug|Any CPU.Build.0 = Debug|Any CPU
		{154B2281-27D6-4B0E-9DE8-7AC94492FC59}.Release|Any CPU.ActiveCfg = Release|Any CPU
		{154B2281-27D6-4B0E-9DE8-7AC94492FC59}.Release|Any CPU.Build.0 = Release|Any CPU
	EndGlobalSection
	GlobalSection(SolutionProperties) = preSolution
		HideSolutionNode = FALSE
	EndGlobalSection
	GlobalSection(ExtensibilityGlobals) = postSolution
		SolutionGuid = {F4EAA3AA-8CAA-404B-B3B8-3AF2BD42BFA2}
	EndGlobalSection
EndGlobal
